
Microsoft Visual Studio Solution File, Format Version 12.00
# Visual Studio 2012
Project("{FAE04EC0-301F-11D3-BF4B-00C04F79EFBC}") = "MaxFichaPedidos", "MaxFichaPedidos\MaxFichaPedidos.csproj", "{52C2F64B-AAD7-4ECF-A6F2-76D1594C4E05}"
EndProject
Global
	GlobalSection(SolutionConfigurationPlatforms) = preSolution
		Debug|Any CPU = Debug|Any CPU
		Release|Any CPU = Release|Any CPU
	EndGlobalSection
	GlobalSection(ProjectConfigurationPlatforms) = postSolution
		{52C2F64B-AAD7-4ECF-A6F2-76D1594C4E05}.Debug|Any CPU.ActiveCfg = Debug|Any CPU
		{52C2F64B-AAD7-4ECF-A6F2-76D1594C4E05}.Debug|Any CPU.Build.0 = Debug|Any CPU
		{52C2F64B-AAD7-4ECF-A6F2-76D1594C4E05}.Release|Any CPU.ActiveCfg = Release|Any CPU
		{52C2F64B-AAD7-4ECF-A6F2-76D1594C4E05}.Release|Any CPU.Build.0 = Release|Any CPU
	EndGlobalSection
	GlobalSection(SolutionProperties) = preSolution
		HideSolutionNode = FALSE
	EndGlobalSection
EndGlobal
